
Microsoft Visual Studio Solution File, Format Version 12.00
# Visual Studio Version 16
VisualStudioVersion = 16.0.29519.87
MinimumVisualStudioVersion = 10.0.40219.1
Project("{FAE04EC0-301F-11D3-BF4B-00C04F79EFBC}") = "M07UF1EX1KonstantinButakov", "M07UF1EX1KonstantinButakov\M07UF1EX1KonstantinButakov.csproj", "{932E1E2E-82CB-430A-9434-567EBF4DD54E}"
EndProject
Global
	GlobalSection(SolutionConfigurationPlatforms) = preSolution
		Debug|Any CPU = Debug|Any CPU
		Release|Any CPU = Release|Any CPU
	EndGlobalSection
	GlobalSection(ProjectConfigurationPlatforms) = postSolution
		{932E1E2E-82CB-430A-9434-567EBF4DD54E}.Debug|Any CPU.ActiveCfg = Debug|Any CPU
		{932E1E2E-82CB-430A-9434-567EBF4DD54E}.Debug|Any CPU.Build.0 = Debug|Any CPU
		{932E1E2E-82CB-430A-9434-567EBF4DD54E}.Release|Any CPU.ActiveCfg = Release|Any CPU
		{932E1E2E-82CB-430A-9434-567EBF4DD54E}.Release|Any CPU.Build.0 = Release|Any CPU
	EndGlobalSection
	GlobalSection(SolutionProperties) = preSolution
		HideSolutionNode = FALSE
	EndGlobalSection
	GlobalSection(ExtensibilityGlobals) = postSolution
		SolutionGuid = {103953B4-07C8-4D86-87B9-67EB2F708249}
	EndGlobalSection
EndGlobal
